
Microsoft Visual Studio Solution File, Format Version 12.00
# Visual Studio 2012
Project("{8BC9CEB8-8B4A-11D0-8D11-00A0C91BC942}") = "Simple-War-Without-Texture", "Simple-War-Without-Texture\Simple-War-Without-Texture.vcxproj", "{CB3B777C-FD3F-400D-AC87-4C6A615053C0}"
EndProject
Global
	GlobalSection(SolutionConfigurationPlatforms) = preSolution
		Debug|Win32 = Debug|Win32
		Release|Win32 = Release|Win32
	EndGlobalSection
	GlobalSection(ProjectConfigurationPlatforms) = postSolution
		{CB3B777C-FD3F-400D-AC87-4C6A615053C0}.Debug|Win32.ActiveCfg = Debug|Win32
		{CB3B777C-FD3F-400D-AC87-4C6A615053C0}.Debug|Win32.Build.0 = Debug|Win32
		{CB3B777C-FD3F-400D-AC87-4C6A615053C0}.Release|Win32.ActiveCfg = Release|Win32
		{CB3B777C-FD3F-400D-AC87-4C6A615053C0}.Release|Win32.Build.0 = Release|Win32
	EndGlobalSection
	GlobalSection(SolutionProperties) = preSolution
		HideSolutionNode = FALSE
	EndGlobalSection
EndGlobal
